
Microsoft Visual Studio Solution File, Format Version 12.00
# Visual Studio Version 16
VisualStudioVersion = 16.0.28803.452
MinimumVisualStudioVersion = 10.0.40219.1
Project("{FAE04EC0-301F-11D3-BF4B-00C04F79EFBC}") = "Assignment3", "Assignment3.csproj", "{B52A4108-A76A-489F-AE8A-EFE09AEE3A70}"
EndProject
Global
	GlobalSection(SolutionConfigurationPlatforms) = preSolution
		Debug|Any CPU = Debug|Any CPU
		Release|Any CPU = Release|Any CPU
	EndGlobalSection
	GlobalSection(ProjectConfigurationPlatforms) = postSolution
		{B52A4108-A76A-489F-AE8A-EFE09AEE3A70}.Debug|Any CPU.ActiveCfg = Debug|Any CPU
		{B52A4108-A76A-489F-AE8A-EFE09AEE3A70}.Debug|Any CPU.Build.0 = Debug|Any CPU
		{B52A4108-A76A-489F-AE8A-EFE09AEE3A70}.Release|Any CPU.ActiveCfg = Release|Any CPU
		{B52A4108-A76A-489F-AE8A-EFE09AEE3A70}.Release|Any CPU.Build.0 = Release|Any CPU
	EndGlobalSection
	GlobalSection(SolutionProperties) = preSolution
		HideSolutionNode = FALSE
	EndGlobalSection
	GlobalSection(ExtensibilityGlobals) = postSolution
		SolutionGuid = {4990A1A7-A03F-4A01-84AE-5ED0C0DDF3AB}
	EndGlobalSection
EndGlobal
